
Microsoft Visual Studio Solution File, Format Version 12.00
# Visual Studio Version 17
VisualStudioVersion = 17.4.33110.190
MinimumVisualStudioVersion = 10.0.40219.1
Project("{8BC9CEB8-8B4A-11D0-8D11-00A0C91BC942}") = "FastCopy", "FastCopy\FastCopy.vcxproj", "{7BAED4AB-03D0-4AA9-AB8D-8D32B1D049F3}"
EndProject
Project("{8BC9CEB8-8B4A-11D0-8D11-00A0C91BC942}") = "FastCopyShellExtension", "FastCopyShellExtension\FastCopyShellExtension.vcxproj", "{17F52E4D-1E98-4288-9AA1-20A384171876}"
EndProject
Project("{8BC9CEB8-8B4A-11D0-8D11-00A0C91BC942}") = "UnitTest", "UnitTest\UnitTest.vcxproj", "{F2267F6F-8136-4A65-BB9B-87749A8E361A}"
	ProjectSection(ProjectDependencies) = postProject
		{17F52E4D-1E98-4288-9AA1-20A384171876} = {17F52E4D-1E98-4288-9AA1-20A384171876}
	EndProjectSection
EndProject
Project("{8BC9CEB8-8B4A-11D0-8D11-00A0C91BC942}") = "SpeedTest", "SpeedTest\SpeedTest.vcxproj", "{56D28B01-9F66-40CC-B24F-372119750A74}"
EndProject
Project("{2150E333-8FDC-42A3-9474-1A3956D46DE8}") = "Solution Items", "Solution Items", "{CEBFE837-48D4-414F-A7BD-302C0604CF5C}"
	ProjectSection(SolutionItems) = preProject
		README.md = README.md
	EndProjectSection
EndProject
Global
	GlobalSection(SolutionConfigurationPlatforms) = preSolution
		Debug|Any CPU = Debug|Any CPU
		Debug|ARM = Debug|ARM
		Debug|arm64 = Debug|arm64
		Debug|x64 = Debug|x64
		Debug|x86 = Debug|x86
		Release|Any CPU = Release|Any CPU
		Release|ARM = Release|ARM
		Release|arm64 = Release|arm64
		Release|x64 = Release|x64
		Release|x86 = Release|x86
	EndGlobalSection
	GlobalSection(ProjectConfigurationPlatforms) = postSolution
		{7BAED4AB-03D0-4AA9-AB8D-8D32B1D049F3}.Debug|Any CPU.ActiveCfg = Debug|x64
		{7BAED4AB-03D0-4AA9-AB8D-8D32B1D049F3}.Debug|Any CPU.Build.0 = Debug|x64
		{7BAED4AB-03D0-4AA9-AB8D-8D32B1D049F3}.Debug|Any CPU.Deploy.0 = Debug|x64
		{7BAED4AB-03D0-4AA9-AB8D-8D32B1D049F3}.Debug|ARM.ActiveCfg = Debug|x64
		{7BAED4AB-03D0-4AA9-AB8D-8D32B1D049F3}.Debug|ARM.Build.0 = Debug|x64
		{7BAED4AB-03D0-4AA9-AB8D-8D32B1D049F3}.Debug|ARM.Deploy.0 = Debug|x64
		{7BAED4AB-03D0-4AA9-AB8D-8D32B1D049F3}.Debug|arm64.ActiveCfg = Debug|arm64
		{7BAED4AB-03D0-4AA9-AB8D-8D32B1D049F3}.Debug|arm64.Build.0 = Debug|arm64
		{7BAED4AB-03D0-4AA9-AB8D-8D32B1D049F3}.Debug|arm64.Deploy.0 = Debug|arm64
		{7BAED4AB-03D0-4AA9-AB8D-8D32B1D049F3}.Debug|x64.ActiveCfg = Debug|x64
		{7BAED4AB-03D0-4AA9-AB8D-8D32B1D049F3}.Debug|x64.Build.0 = Debug|x64
		{7BAED4AB-03D0-4AA9-AB8D-8D32B1D049F3}.Debug|x64.Deploy.0 = Debug|x64
		{7BAED4AB-03D0-4AA9-AB8D-8D32B1D049F3}.Debug|x86.ActiveCfg = Debug|Win32
		{7BAED4AB-03D0-4AA9-AB8D-8D32B1D049F3}.Debug|x86.Build.0 = Debug|Win32
		{7BAED4AB-03D0-4AA9-AB8D-8D32B1D049F3}.Debug|x86.Deploy.0 = Debug|Win32
		{7BAED4AB-03D0-4AA9-AB8D-8D32B1D049F3}.Release|Any CPU.ActiveCfg = Release|x64
		{7BAED4AB-03D0-4AA9-AB8D-8D32B1D049F3}.Release|Any CPU.Build.0 = Release|x64
		{7BAED4AB-03D0-4AA9-AB8D-8D32B1D049F3}.Release|Any CPU.Deploy.0 = Release|x64
		{7BAED4AB-03D0-4AA9-AB8D-8D32B1D049F3}.Release|ARM.ActiveCfg = Release|x64
		{7BAED4AB-03D0-4AA9-AB8D-8D32B1D049F3}.Release|ARM.Build.0 = Release|x64
		{7BAED4AB-03D0-4AA9-AB8D-8D32B1D049F3}.Release|ARM.Deploy.0 = Release|x64
		{7BAED4AB-03D0-4AA9-AB8D-8D32B1D049F3}.Release|arm64.ActiveCfg = Release|arm64
		{7BAED4AB-03D0-4AA9-AB8D-8D32B1D049F3}.Release|arm64.Build.0 = Release|arm64
		{7BAED4AB-03D0-4AA9-AB8D-8D32B1D049F3}.Release|arm64.Deploy.0 = Release|arm64
		{7BAED4AB-03D0-4AA9-AB8D-8D32B1D049F3}.Release|x64.ActiveCfg = Release|x64
		{7BAED4AB-03D0-4AA9-AB8D-8D32B1D049F3}.Release|x64.Build.0 = Release|x64
		{7BAED4AB-03D0-4AA9-AB8D-8D32B1D049F3}.Release|x64.Deploy.0 = Release|x64
		{7BAED4AB-03D0-4AA9-AB8D-8D32B1D049F3}.Release|x86.ActiveCfg = Release|Win32
		{7BAED4AB-03D0-4AA9-AB8D-8D32B1D049F3}.Release|x86.Build.0 = Release|Win32
		{7BAED4AB-03D0-4AA9-AB8D-8D32B1D049F3}.Release|x86.Deploy.0 = Release|Win32
		{17F52E4D-1E98-4288-9AA1-20A384171876}.Debug|Any CPU.ActiveCfg = Debug|x64
		{17F52E4D-1E98-4288-9AA1-20A384171876}.Debug|Any CPU.Build.0 = Debug|x64
		{17F52E4D-1E98-4288-9AA1-20A384171876}.Debug|ARM.ActiveCfg = Debug|x64
		{17F52E4D-1E98-4288-9AA1-20A384171876}.Debug|ARM.Build.0 = Debug|x64
		{17F52E4D-1E98-4288-9AA1-20A384171876}.Debug|arm64.ActiveCfg = Debug|x64
		{17F52E4D-1E98-4288-9AA1-20A384171876}.Debug|arm64.Build.0 = Debug|x64
		{17F52E4D-1E98-4288-9AA1-20A384171876}.Debug|x64.ActiveCfg = Release|x64
		{17F52E4D-1E98-4288-9AA1-20A384171876}.Debug|x64.Build.0 = Release|x64
		{17F52E4D-1E98-4288-9AA1-20A384171876}.Debug|x86.ActiveCfg = Debug|Win32
		{17F52E4D-1E98-4288-9AA1-20A384171876}.Debug|x86.Build.0 = Debug|Win32
		{17F52E4D-1E98-4288-9AA1-20A384171876}.Release|Any CPU.ActiveCfg = Release|x64
		{17F52E4D-1E98-4288-9AA1-20A384171876}.Release|Any CPU.Build.0 = Release|x64
		{17F52E4D-1E98-4288-9AA1-20A384171876}.Release|ARM.ActiveCfg = Release|x64
		{17F52E4D-1E98-4288-9AA1-20A384171876}.Release|ARM.Build.0 = Release|x64
		{17F52E4D-1E98-4288-9AA1-20A384171876}.Release|arm64.ActiveCfg = Release|x64
		{17F52E4D-1E98-4288-9AA1-20A384171876}.Release|arm64.Build.0 = Release|x64
		{17F52E4D-1E98-4288-9AA1-20A384171876}.Release|x64.ActiveCfg = Release|x64
		{17F52E4D-1E98-4288-9AA1-20A384171876}.Release|x64.Build.0 = Release|x64
		{17F52E4D-1E98-4288-9AA1-20A384171876}.Release|x86.ActiveCfg = Release|Win32
		{17F52E4D-1E98-4288-9AA1-20A384171876}.Release|x86.Build.0 = Release|Win32
		{F2267F6F-8136-4A65-BB9B-87749A8E361A}.Debug|Any CPU.ActiveCfg = Debug|x64
		{F2267F6F-8136-4A65-BB9B-87749A8E361A}.Debug|Any CPU.Build.0 = Debug|x64
		{F2267F6F-8136-4A65-BB9B-87749A8E361A}.Debug|ARM.ActiveCfg = Debug|x64
		{F2267F6F-8136-4A65-BB9B-87749A8E361A}.Debug|ARM.Build.0 = Debug|x64
		{F2267F6F-8136-4A65-BB9B-87749A8E361A}.Debug|arm64.ActiveCfg = Debug|x64
		{F2267F6F-8136-4A65-BB9B-87749A8E361A}.Debug|arm64.Build.0 = Debug|x64
		{F2267F6F-8136-4A65-BB9B-87749A8E361A}.Debug|x64.ActiveCfg = Debug|x64
		{F2267F6F-8136-4A65-BB9B-87749A8E361A}.Debug|x64.Build.0 = Debug|x64
		{F2267F6F-8136-4A65-BB9B-87749A8E361A}.Debug|x86.ActiveCfg = Debug|Win32
		{F2267F6F-8136-4A65-BB9B-87749A8E361A}.Debug|x86.Build.0 = Debug|Win32
		{F2267F6F-8136-4A65-BB9B-87749A8E361A}.Release|Any CPU.ActiveCfg = Release|x64
		{F2267F6F-8136-4A65-BB9B-87749A8E361A}.Release|Any CPU.Build.0 = Release|x64
		{F2267F6F-8136-4A65-BB9B-87749A8E361A}.Release|ARM.ActiveCfg = Release|x64
		{F2267F6F-8136-4A65-BB9B-87749A8E361A}.Release|ARM.Build.0 = Release|x64
		{F2267F6F-8136-4A65-BB9B-87749A8E361A}.Release|arm64.ActiveCfg = Release|x64
		{F2267F6F-8136-4A65-BB9B-87749A8E361A}.Release|arm64.Build.0 = Release|x64
		{F2267F6F-8136-4A65-BB9B-87749A8E361A}.Release|x64.ActiveCfg = Release|x64
		{F2267F6F-8136-4A65-BB9B-87749A8E361A}.Release|x64.Build.0 = Release|x64
		{F2267F6F-8136-4A65-BB9B-87749A8E361A}.Release|x86.ActiveCfg = Release|Win32
		{F2267F6F-8136-4A65-BB9B-87749A8E361A}.Release|x86.Build.0 = Release|Win32
		{56D28B01-9F66-40CC-B24F-372119750A74}.Debug|Any CPU.ActiveCfg = Debug|x64
		{56D28B01-9F66-40CC-B24F-372119750A74}.Debug|Any CPU.Build.0 = Debug|x64
		{56D28B01-9F66-40CC-B24F-372119750A74}.Debug|ARM.ActiveCfg = Debug|x64
		{56D28B01-9F66-40CC-B24F-372119750A74}.Debug|ARM.Build.0 = Debug|x64
		{56D28B01-9F66-40CC-B24F-372119750A74}.Debug|arm64.ActiveCfg = Debug|x64
		{56D28B01-9F66-40CC-B24F-372119750A74}.Debug|arm64.Build.0 = Debug|x64
		{56D28B01-9F66-40CC-B24F-372119750A74}.Debug|x64.ActiveCfg = Debug|x64
		{56D28B01-9F66-40CC-B24F-372119750A74}.Debug|x64.Build.0 = Debug|x64
		{56D28B01-9F66-40CC-B24F-372119750A74}.Debug|x86.ActiveCfg = Debug|Win32
		{56D28B01-9F66-40CC-B24F-372119750A74}.Debug|x86.Build.0 = Debug|Win32
		{56D28B01-9F66-40CC-B24F-372119750A74}.Release|Any CPU.ActiveCfg = Release|x64
		{56D28B01-9F66-40CC-B24F-372119750A74}.Release|Any CPU.Build.0 = Release|x64
		{56D28B01-9F66-40CC-B24F-372119750A74}.Release|ARM.ActiveCfg = Release|x64
		{56D28B01-9F66-40CC-B24F-372119750A74}.Release|ARM.Build.0 = Release|x64
		{56D28B01-9F66-40CC-B24F-372119750A74}.Release|arm64.ActiveCfg = Release|x64
		{56D28B01-9F66-40CC-B24F-372119750A74}.Release|arm64.Build.0 = Release|x64
		{56D28B01-9F66-40CC-B24F-372119750A74}.Release|x64.ActiveCfg = Release|x64
		{56D28B01-9F66-40CC-B24F-372119750A74}.Release|x64.Build.0 = Release|x64
		{56D28B01-9F66-40CC-B24F-372119750A74}.Release|x86.ActiveCfg = Release|Win32
		{56D28B01-9F66-40CC-B24F-372119750A74}.Release|x86.Build.0 = Release|Win32
	EndGlobalSection
	GlobalSection(SolutionProperties) = preSolution
		HideSolutionNode = FALSE
	EndGlobalSection
	GlobalSection(ExtensibilityGlobals) = postSolution
		SolutionGuid = {7294B8FA-0F93-4F40-9E50-F2D25E007BF2}
	EndGlobalSection
EndGlobal
