<?xml version="1.0" encoding="utf-8"?>
<Project ToolsVersion="4.0" xmlns="http://schemas.microsoft.com/developer/msbuild/2003">
  <ItemGroup>
    <Filter Include="Source Files">
      <UniqueIdentifier>{4FC737F1-C7A5-4376-A066-2A32D752A2FF}</UniqueIdentifier>
      <Extensions>cpp;c;cc;cxx;c++;cppm;ixx;def;odl;idl;hpj;bat;asm;asmx</Extensions>
    </Filter>
    <Filter Include="Header Files">
      <UniqueIdentifier>{93995380-89BD-4b04-88EB-625FBE52EBFB}</UniqueIdentifier>
      <Extensions>h;hh;hpp;hxx;h++;hm;inl;inc;ipp;xsd</Extensions>
    </Filter>
    <Filter Include="TestImplementation">
      <UniqueIdentifier>{5ccf794d-8565-47e5-8065-cc0d9a45364f}</UniqueIdentifier>
    </Filter>
  </ItemGroup>
  <ItemGroup>
    <ClCompile Include="main.cpp">
      <Filter>Source Files</Filter>
    </ClCompile>
    <ClCompile Include="TestFactory.cpp">
      <Filter>Source Files</Filter>
    </ClCompile>
    <ClCompile Include="Env.cpp">
      <Filter>Source Files</Filter>
    </ClCompile>
    <ClCompile Include="COMApiTest.cpp">
      <Filter>TestImplementation</Filter>
    </ClCompile>
    <ClCompile Include="FilesystemApiTest.cpp">
      <Filter>TestImplementation</Filter>
    </ClCompile>
    <ClCompile Include="RobocopyTest.cpp">
      <Filter>TestImplementation</Filter>
    </ClCompile>
    <ClCompile Include="Win32ApiTest.cpp">
      <Filter>TestImplementation</Filter>
    </ClCompile>
    <ClCompile Include="XCopyTest.cpp">
      <Filter>TestImplementation</Filter>
    </ClCompile>
    <ClCompile Include="Config.cpp">
      <Filter>Source Files</Filter>
    </ClCompile>
    <ClCompile Include="TestCases.cpp">
      <Filter>Source Files</Filter>
    </ClCompile>
    <ClCompile Include="CommandLineConfig.cpp">
      <Filter>Source Files</Filter>
    </ClCompile>
    <ClCompile Include="TUI.cpp">
      <Filter>Source Files</Filter>
    </ClCompile>
  </ItemGroup>
  <ItemGroup>
    <ClInclude Include="ICopyBase.h">
      <Filter>Header Files</Filter>
    </ClInclude>
    <ClInclude Include="TestResult.h">
      <Filter>Header Files</Filter>
    </ClInclude>
    <ClInclude Include="TestFactory.h">
      <Filter>Header Files</Filter>
    </ClInclude>
    <ClInclude Include="AutoRegister.h">
      <Filter>Header Files</Filter>
    </ClInclude>
    <ClInclude Include="TestOperation.h">
      <Filter>Header Files</Filter>
    </ClInclude>
    <ClInclude Include="Env.h">
      <Filter>Header Files</Filter>
    </ClInclude>
    <ClInclude Include="Process.h">
      <Filter>Header Files</Filter>
    </ClInclude>
    <ClInclude Include="Win32ApiTest.h">
      <Filter>TestImplementation</Filter>
    </ClInclude>
    <ClInclude Include="FilesystemApiTest.h">
      <Filter>TestImplementation</Filter>
    </ClInclude>
    <ClInclude Include="COMApiTest.h">
      <Filter>TestImplementation</Filter>
    </ClInclude>
    <ClInclude Include="RobocopyTest.h">
      <Filter>TestImplementation</Filter>
    </ClInclude>
    <ClInclude Include="XCopyTest.h">
      <Filter>TestImplementation</Filter>
    </ClInclude>
    <ClInclude Include="Config.h">
      <Filter>Header Files</Filter>
    </ClInclude>
    <ClInclude Include="COMInitializeHelper.h">
      <Filter>Header Files</Filter>
    </ClInclude>
    <ClInclude Include="TestCases.h">
      <Filter>Header Files</Filter>
    </ClInclude>
    <ClInclude Include="TUI.h">
      <Filter>Header Files</Filter>
    </ClInclude>
    <ClInclude Include="CommandLineConfig.h">
      <Filter>Header Files</Filter>
    </ClInclude>
    <ClInclude Include="ConfigArchive.h">
      <Filter>Header Files</Filter>
    </ClInclude>
    <ClInclude Include="AllImplementations.h">
      <Filter>TestImplementation</Filter>
    </ClInclude>
  </ItemGroup>
  <ItemGroup>
    <None Include="packages.config" />
  </ItemGroup>
  <ItemGroup>
    <Natvis Include="$(MSBuildThisFileDirectory)..\..\natvis\wil.natvis" />
  </ItemGroup>
</Project>