<?xml version="1.0" encoding="utf-8"?>
<Project ToolsVersion="4.0" xmlns="http://schemas.microsoft.com/developer/msbuild/2003">
  <ItemGroup>
    <Filter Include="Header Files">
      <UniqueIdentifier>{93995380-89BD-4b04-88EB-625FBE52EBFB}</UniqueIdentifier>
      <Extensions>h;hh;hpp;hxx;h++;hm;inl;inc;ipp;xsd</Extensions>
    </Filter>
    <Filter Include="TestImplementation">
      <UniqueIdentifier>{5ccf794d-8565-47e5-8065-cc0d9a45364f}</UniqueIdentifier>
    </Filter>
    <Filter Include="Utils">
      <UniqueIdentifier>{9c663a9e-cfca-42dd-8bca-23b89e99c06d}</UniqueIdentifier>
    </Filter>
    <Filter Include="COM">
      <UniqueIdentifier>{d96d6e3b-e8dd-4a2d-9b6a-30568bbd6fa7}</UniqueIdentifier>
    </Filter>
    <Filter Include="Source Files">
      <UniqueIdentifier>{4FC737F1-C7A5-4376-A066-2A32D752A2FF}</UniqueIdentifier>
      <Extensions>cpp;c;cc;cxx;c++;cppm;ixx;def;odl;idl;hpj;bat;asm;asmx</Extensions>
    </Filter>
    <Filter Include="UI">
      <UniqueIdentifier>{9b384f1f-ed18-4aca-98ea-f737c9035d70}</UniqueIdentifier>
    </Filter>
    <Filter Include="TestCases">
      <UniqueIdentifier>{7457cf2c-97e8-4713-9671-a98f05131c33}</UniqueIdentifier>
    </Filter>
  </ItemGroup>
  <ItemGroup>
    <ClCompile Include="TestFactory.cpp">
      <Filter>Source Files</Filter>
    </ClCompile>
    <ClCompile Include="Env.cpp">
      <Filter>Source Files</Filter>
    </ClCompile>
    <ClCompile Include="COMApiTest.cpp">
      <Filter>TestImplementation</Filter>
    </ClCompile>
    <ClCompile Include="FilesystemApiTest.cpp">
      <Filter>TestImplementation</Filter>
    </ClCompile>
    <ClCompile Include="RobocopyTest.cpp">
      <Filter>TestImplementation</Filter>
    </ClCompile>
    <ClCompile Include="Win32ApiTest.cpp">
      <Filter>TestImplementation</Filter>
    </ClCompile>
    <ClCompile Include="XCopyTest.cpp">
      <Filter>TestImplementation</Filter>
    </ClCompile>
    <ClCompile Include="Config.cpp">
      <Filter>Source Files</Filter>
    </ClCompile>
    <ClCompile Include="CommandLineConfig.cpp">
      <Filter>Source Files</Filter>
    </ClCompile>
    <ClCompile Include="ExplorerGuard.cpp">
      <Filter>Utils</Filter>
    </ClCompile>
    <ClCompile Include="..\Public\ShellItem.cpp">
      <Filter>COM</Filter>
    </ClCompile>
    <ClCompile Include="..\Public\ShellItemArray.cpp">
      <Filter>COM</Filter>
    </ClCompile>
    <ClCompile Include="FileOpenDialog.cpp">
      <Filter>COM</Filter>
    </ClCompile>
    <ClCompile Include="TestCaseBase.cpp">
      <Filter>TestCases</Filter>
    </ClCompile>
    <ClCompile Include="TUI.cpp">
      <Filter>UI</Filter>
    </ClCompile>
    <ClCompile Include="BasicInteraction.cpp">
      <Filter>UI</Filter>
    </ClCompile>
    <ClCompile Include="Random4KFiles.cpp">
      <Filter>TestCases</Filter>
    </ClCompile>
    <ClCompile Include="BigFiles.cpp">
      <Filter>TestCases</Filter>
    </ClCompile>
    <ClCompile Include="main.cpp" />
  </ItemGroup>
  <ItemGroup>
    <ClInclude Include="ICopyBase.h">
      <Filter>Header Files</Filter>
    </ClInclude>
    <ClInclude Include="TestResult.h">
      <Filter>Header Files</Filter>
    </ClInclude>
    <ClInclude Include="TestFactory.h">
      <Filter>Header Files</Filter>
    </ClInclude>
    <ClInclude Include="AutoRegister.h">
      <Filter>Header Files</Filter>
    </ClInclude>
    <ClInclude Include="TestOperation.h">
      <Filter>Header Files</Filter>
    </ClInclude>
    <ClInclude Include="Env.h">
      <Filter>Header Files</Filter>
    </ClInclude>
    <ClInclude Include="Process.h">
      <Filter>Header Files</Filter>
    </ClInclude>
    <ClInclude Include="Win32ApiTest.h">
      <Filter>TestImplementation</Filter>
    </ClInclude>
    <ClInclude Include="FilesystemApiTest.h">
      <Filter>TestImplementation</Filter>
    </ClInclude>
    <ClInclude Include="COMApiTest.h">
      <Filter>TestImplementation</Filter>
    </ClInclude>
    <ClInclude Include="RobocopyTest.h">
      <Filter>TestImplementation</Filter>
    </ClInclude>
    <ClInclude Include="XCopyTest.h">
      <Filter>TestImplementation</Filter>
    </ClInclude>
    <ClInclude Include="Config.h">
      <Filter>Header Files</Filter>
    </ClInclude>
    <ClInclude Include="CommandLineConfig.h">
      <Filter>Header Files</Filter>
    </ClInclude>
    <ClInclude Include="ConfigArchive.h">
      <Filter>Header Files</Filter>
    </ClInclude>
    <ClInclude Include="AllImplementations.h">
      <Filter>TestImplementation</Filter>
    </ClInclude>
    <ClInclude Include="ExplorerGuard.h">
      <Filter>Utils</Filter>
    </ClInclude>
    <ClInclude Include="..\Public\ShellItem.h">
      <Filter>COM</Filter>
    </ClInclude>
    <ClInclude Include="..\Public\ShellItemArray.h">
      <Filter>COM</Filter>
    </ClInclude>
    <ClInclude Include="FileOpenDialog.h">
      <Filter>COM</Filter>
    </ClInclude>
    <ClInclude Include="TestCaseBase.h">
      <Filter>TestCases</Filter>
    </ClInclude>
    <ClInclude Include="Random4KFiles.h">
      <Filter>TestCases</Filter>
    </ClInclude>
    <ClInclude Include="BigFiles.h">
      <Filter>TestCases</Filter>
    </ClInclude>
    <ClInclude Include="TUI.h">
      <Filter>UI</Filter>
    </ClInclude>
    <ClInclude Include="BasicInteraction.h">
      <Filter>UI</Filter>
    </ClInclude>
    <ClInclude Include="..\Public\COMInitializeHelper.h">
      <Filter>COM</Filter>
    </ClInclude>
  </ItemGroup>
  <ItemGroup>
    <None Include="packages.config" />
  </ItemGroup>
  <ItemGroup>
    <Natvis Include="$(MSBuildThisFileDirectory)..\..\natvis\wil.natvis" />
  </ItemGroup>
</Project>