<?xml version="1.0" encoding="utf-8"?>
<Project ToolsVersion="4.0" xmlns="http://schemas.microsoft.com/developer/msbuild/2003">
  <ItemGroup>
    <Filter Include="Header Files">
      <UniqueIdentifier>{93995380-89BD-4b04-88EB-625FBE52EBFB}</UniqueIdentifier>
      <Extensions>h;hh;hpp;hxx;h++;hm;inl;inc;ipp;xsd</Extensions>
    </Filter>
    <Filter Include="Resource Files">
      <UniqueIdentifier>{67DA6AB6-F800-4c08-8B7A-83BB121AAD01}</UniqueIdentifier>
      <Extensions>rc;ico;cur;bmp;dlg;rc2;rct;bin;rgs;gif;jpg;jpeg;jpe;resx;tiff;tif;png;wav;mfcribbon-ms</Extensions>
    </Filter>
    <Filter Include="COM">
      <UniqueIdentifier>{fe1b6b46-044f-400c-9929-8e2010709cf9}</UniqueIdentifier>
    </Filter>
    <Filter Include="Source Files">
      <UniqueIdentifier>{4FC737F1-C7A5-4376-A066-2A32D752A2FF}</UniqueIdentifier>
      <Extensions>cpp;c;cc;cxx;c++;cppm;ixx;def;odl;idl;hpj;bat;asm;asmx</Extensions>
    </Filter>
    <Filter Include="ExplorerCommand">
      <UniqueIdentifier>{721b3a7c-6783-4134-8f10-d1f0b65cc35c}</UniqueIdentifier>
    </Filter>
    <Filter Include="Icons">
      <UniqueIdentifier>{47d4d382-fdd4-49c8-a947-61f6a46619c9}</UniqueIdentifier>
    </Filter>
  </ItemGroup>
  <ItemGroup>
    <ClCompile Include="Recorder.cpp">
      <Filter>Source Files</Filter>
    </ClCompile>
    <ClCompile Include="CopyOperationNames.cpp">
      <Filter>Source Files</Filter>
    </ClCompile>
    <ClCompile Include="Registry.cpp">
      <Filter>Source Files</Filter>
    </ClCompile>
    <ClCompile Include="dllmain.cpp" />
    <ClCompile Include="..\Public\ShellItemArray.cpp">
      <Filter>COM</Filter>
    </ClCompile>
    <ClCompile Include="..\Public\ShellItem.cpp">
      <Filter>COM</Filter>
    </ClCompile>
    <ClCompile Include="ShellWindows.cpp">
      <Filter>COM</Filter>
    </ClCompile>
    <ClCompile Include="WebBrowser2.cpp">
      <Filter>COM</Filter>
    </ClCompile>
    <ClCompile Include="FastCopyRootCommand.cpp">
      <Filter>ExplorerCommand</Filter>
    </ClCompile>
    <ClCompile Include="FastCopySubCommand.cpp">
      <Filter>ExplorerCommand</Filter>
    </ClCompile>
    <ClCompile Include="IconProvider.cpp">
      <Filter>Icons</Filter>
    </ClCompile>
    <ClCompile Include="DllIconFormatter.cpp">
      <Filter>Icons</Filter>
    </ClCompile>
    <ClCompile Include="..\Shared\CommonSharedSettings.cpp">
      <Filter>Source Files</Filter>
    </ClCompile>
    <ClCompile Include="DebugPrint.cpp">
      <Filter>Source Files</Filter>
    </ClCompile>
    <ClCompile Include="HostShutdownWatcher.cpp">
      <Filter>Source Files</Filter>
    </ClCompile>
    <ClCompile Include="HostProcessHook.cpp">
      <Filter>Source Files</Filter>
    </ClCompile>
  </ItemGroup>
  <ItemGroup>
    <None Include="Source.def">
      <Filter>Source Files</Filter>
    </None>
    <None Include="packages.config" />
  </ItemGroup>
  <ItemGroup>
    <Natvis Include="$(MSBuildThisFileDirectory)..\..\natvis\wil.natvis" />
    <Natvis Include="$(MSBuildThisFileDirectory)..\..\natvis\wil.natstepfilter" />
  </ItemGroup>
  <ItemGroup>
    <ClInclude Include="CopyOperation.h">
      <Filter>Header Files</Filter>
    </ClInclude>
    <ClInclude Include="Recorder.h">
      <Filter>Header Files</Filter>
    </ClInclude>
    <ClInclude Include="resource.h">
      <Filter>Header Files</Filter>
    </ClInclude>
    <ClInclude Include="CopyOperationNames.h">
      <Filter>Header Files</Filter>
    </ClInclude>
    <ClInclude Include="Registry.h">
      <Filter>Header Files</Filter>
    </ClInclude>
    <ClInclude Include="..\Public\ShellItem.h">
      <Filter>COM</Filter>
    </ClInclude>
    <ClInclude Include="..\Public\ShellItemArray.h">
      <Filter>COM</Filter>
    </ClInclude>
    <ClInclude Include="ShellWindows.h">
      <Filter>COM</Filter>
    </ClInclude>
    <ClInclude Include="WebBrowser2.h">
      <Filter>COM</Filter>
    </ClInclude>
    <ClInclude Include="FastCopyRootCommand.h">
      <Filter>ExplorerCommand</Filter>
    </ClInclude>
    <ClInclude Include="FastCopySubCommand.h">
      <Filter>ExplorerCommand</Filter>
    </ClInclude>
    <ClInclude Include="IconProvider.h">
      <Filter>Icons</Filter>
    </ClInclude>
    <ClInclude Include="DllIconFormatter.h">
      <Filter>Icons</Filter>
    </ClInclude>
    <ClInclude Include="DebugPrint.h">
      <Filter>Header Files</Filter>
    </ClInclude>
    <ClInclude Include="..\Shared\CommonSharedSettings.h">
      <Filter>Header Files</Filter>
    </ClInclude>
    <ClInclude Include="HostShutdownWatcher.h">
      <Filter>Header Files</Filter>
    </ClInclude>
    <ClInclude Include="HostProcessHook.h">
      <Filter>Header Files</Filter>
    </ClInclude>
    <ClInclude Include="..\Shared\DebugHelper.hpp">
      <Filter>Header Files</Filter>
    </ClInclude>
  </ItemGroup>
  <ItemGroup>
    <ResourceCompile Include="FastCopyShellExtension.rc">
      <Filter>Resource Files</Filter>
    </ResourceCompile>
  </ItemGroup>
  <ItemGroup>
    <Image Include="Icons\212826788-9eeab669-783c-472b-98ed-ee049984cc19.ico">
      <Filter>Resource Files</Filter>
    </Image>
    <Image Include="Icons\copy dark blue.ico">
      <Filter>Resource Files</Filter>
    </Image>
    <Image Include="Icons\copy dark.ico">
      <Filter>Resource Files</Filter>
    </Image>
    <Image Include="Icons\copy light blue.ico">
      <Filter>Resource Files</Filter>
    </Image>
    <Image Include="Icons\copy light.ico">
      <Filter>Resource Files</Filter>
    </Image>
    <Image Include="Icons\cut dark blue.ico">
      <Filter>Resource Files</Filter>
    </Image>
    <Image Include="Icons\cut dark.ico">
      <Filter>Resource Files</Filter>
    </Image>
    <Image Include="Icons\cut light blue.ico">
      <Filter>Resource Files</Filter>
    </Image>
    <Image Include="Icons\cut light.ico">
      <Filter>Resource Files</Filter>
    </Image>
    <Image Include="Icons\paste dark blue.ico">
      <Filter>Resource Files</Filter>
    </Image>
    <Image Include="Icons\paste dark.ico">
      <Filter>Resource Files</Filter>
    </Image>
    <Image Include="Icons\paste light blue.ico">
      <Filter>Resource Files</Filter>
    </Image>
    <Image Include="Icons\paste light.ico">
      <Filter>Resource Files</Filter>
    </Image>
    <Image Include="Icons\delete dark.ico">
      <Filter>Resource Files</Filter>
    </Image>
    <Image Include="Icons\delete light.ico">
      <Filter>Resource Files</Filter>
    </Image>
  </ItemGroup>
</Project>