<?xml version="1.0" encoding="utf-8"?>
<Project ToolsVersion="4.0" xmlns="http://schemas.microsoft.com/developer/msbuild/2003">
  <ItemGroup>
    <Filter Include="Source Files">
      <UniqueIdentifier>{4FC737F1-C7A5-4376-A066-2A32D752A2FF}</UniqueIdentifier>
      <Extensions>cpp;c;cc;cxx;c++;cppm;ixx;def;odl;idl;hpj;bat;asm;asmx</Extensions>
    </Filter>
    <Filter Include="Header Files">
      <UniqueIdentifier>{93995380-89BD-4b04-88EB-625FBE52EBFB}</UniqueIdentifier>
      <Extensions>h;hh;hpp;hxx;h++;hm;inl;inc;ipp;xsd</Extensions>
    </Filter>
    <Filter Include="Resource Files">
      <UniqueIdentifier>{67DA6AB6-F800-4c08-8B7A-83BB121AAD01}</UniqueIdentifier>
      <Extensions>rc;ico;cur;bmp;dlg;rc2;rct;bin;rgs;gif;jpg;jpeg;jpe;resx;tiff;tif;png;wav;mfcribbon-ms</Extensions>
    </Filter>
  </ItemGroup>
  <ItemGroup>
    <ClCompile Include="dllmain.cpp">
      <Filter>Source Files</Filter>
    </ClCompile>
    <ClCompile Include="Recorder.cpp">
      <Filter>Source Files</Filter>
    </ClCompile>
    <ClCompile Include="IconProvider.cpp">
      <Filter>Source Files</Filter>
    </ClCompile>
    <ClCompile Include="ShellItemArray.cpp">
      <Filter>Source Files</Filter>
    </ClCompile>
    <ClCompile Include="ShellItem.cpp">
      <Filter>Source Files</Filter>
    </ClCompile>
    <ClCompile Include="CopyOperationNames.cpp">
      <Filter>Source Files</Filter>
    </ClCompile>
    <ClCompile Include="Registry.cpp">
      <Filter>Source Files</Filter>
    </ClCompile>
  </ItemGroup>
  <ItemGroup>
    <None Include="packages.config" />
    <None Include="Source.def">
      <Filter>Source Files</Filter>
    </None>
  </ItemGroup>
  <ItemGroup>
    <Natvis Include="$(MSBuildThisFileDirectory)..\..\natvis\wil.natvis" />
  </ItemGroup>
  <ItemGroup>
    <ClInclude Include="CopyOperation.h">
      <Filter>Header Files</Filter>
    </ClInclude>
    <ClInclude Include="Recorder.h">
      <Filter>Header Files</Filter>
    </ClInclude>
    <ClInclude Include="resource.h">
      <Filter>Header Files</Filter>
    </ClInclude>
    <ClInclude Include="IconProvider.h">
      <Filter>Header Files</Filter>
    </ClInclude>
    <ClInclude Include="ShellItemArray.h">
      <Filter>Header Files</Filter>
    </ClInclude>
    <ClInclude Include="ShellItem.h">
      <Filter>Header Files</Filter>
    </ClInclude>
    <ClInclude Include="CopyOperationNames.h">
      <Filter>Header Files</Filter>
    </ClInclude>
    <ClInclude Include="Registry.h">
      <Filter>Header Files</Filter>
    </ClInclude>
  </ItemGroup>
  <ItemGroup>
    <ResourceCompile Include="FastCopyShellExtension.rc">
      <Filter>Resource Files</Filter>
    </ResourceCompile>
  </ItemGroup>
  <ItemGroup>
    <Image Include="Icons\212826788-9eeab669-783c-472b-98ed-ee049984cc19.ico">
      <Filter>Resource Files</Filter>
    </Image>
    <Image Include="Icons\copy dark blue.ico">
      <Filter>Resource Files</Filter>
    </Image>
    <Image Include="Icons\copy dark.ico">
      <Filter>Resource Files</Filter>
    </Image>
    <Image Include="Icons\copy light blue.ico">
      <Filter>Resource Files</Filter>
    </Image>
    <Image Include="Icons\copy light.ico">
      <Filter>Resource Files</Filter>
    </Image>
    <Image Include="Icons\cut dark blue.ico">
      <Filter>Resource Files</Filter>
    </Image>
    <Image Include="Icons\cut dark.ico">
      <Filter>Resource Files</Filter>
    </Image>
    <Image Include="Icons\cut light blue.ico">
      <Filter>Resource Files</Filter>
    </Image>
    <Image Include="Icons\cut light.ico">
      <Filter>Resource Files</Filter>
    </Image>
    <Image Include="Icons\paste dark blue.ico">
      <Filter>Resource Files</Filter>
    </Image>
    <Image Include="Icons\paste dark.ico">
      <Filter>Resource Files</Filter>
    </Image>
    <Image Include="Icons\paste light blue.ico">
      <Filter>Resource Files</Filter>
    </Image>
    <Image Include="Icons\paste light.ico">
      <Filter>Resource Files</Filter>
    </Image>
    <Image Include="Icons\delete dark.ico">
      <Filter>Resource Files</Filter>
    </Image>
    <Image Include="Icons\delete light.ico">
      <Filter>Resource Files</Filter>
    </Image>
  </ItemGroup>
</Project>